PODS:
  - Alamofire (4.5.1)
  - SmartProxy (0.0.4):
    - Alamofire (~> 4.0)
    - SwiftyJSON (~> 3.0)
  - SwiftyJSON (3.1.4)

DEPENDENCIES:
  - Alamofire (~> 4.0)
  - SmartProxy (from `../`)
  - SwiftyJSON (~> 3.0)

EXTERNAL SOURCES:
  SmartProxy:
    :path: ../

SPEC CHECKSUMS:
  Alamofire: 2d95912bf4c34f164fdfc335872e8c312acaea4a
  SmartProxy: a35a779241affb5c17793461c105ca08147cbf9d
  SwiftyJSON: c2842d878f95482ffceec5709abc3d05680c0220

PODFILE CHECKSUM: bc1bdfb2d7e1ae2cd5e025edd5ed0264c79d7d90

COCOAPODS: 1.2.1
